
Microsoft Visual Studio Solution File, Format Version 12.00
# Visual Studio Version 17
VisualStudioVersion = 17.0.31903.59
MinimumVisualStudioVersion = 10.0.40219.1
Project("{9A19103F-16F7-4668-BE54-9A1E7A4F7556}") = "ControleFluxoCaixa.API", "src\ControleFluxoCaixa.API\ControleFluxoCaixa.API.csproj", "{8C3033A1-CC28-4C4C-BB07-52F2496ED9B8}"
EndProject
Project("{9A19103F-16F7-4668-BE54-9A1E7A4F7556}") = "ControleFluxoCaixa.Aplicacao", "src\ControleFluxoCaixa.Aplicacao\ControleFluxoCaixa.Aplicacao.csproj", "{E334B109-41AF-4638-A704-EA660CC68889}"
EndProject
Project("{9A19103F-16F7-4668-BE54-9A1E7A4F7556}") = "ControleFluxoCaixa.Dominio", "src\ControleFluxoCaixa.Dominio\ControleFluxoCaixa.Dominio.csproj", "{B265CBD4-AB4B-4DC9-843C-427952494CCE}"
EndProject
Project("{9A19103F-16F7-4668-BE54-9A1E7A4F7556}") = "ControleFluxoCaixa.Infraestrutura", "src\ControleFluxoCaixa.Infraestrutura\ControleFluxoCaixa.Infraestrutura.csproj", "{F4E30BF6-FBD5-42DF-813C-B8FCF206645F}"
EndProject
Project("{9A19103F-16F7-4668-BE54-9A1E7A4F7556}") = "ControleFluxoCaixa.Tests", "tests\ControleFluxoCaixa.Tests\ControleFluxoCaixa.Tests.csproj", "{2745CDE2-BD76-4DA9-BDF9-C32AE5C7497B}"
EndProject
Global
	GlobalSection(SolutionConfigurationPlatforms) = preSolution
		Debug|Any CPU = Debug|Any CPU
		Release|Any CPU = Release|Any CPU
	EndGlobalSection
	GlobalSection(ProjectConfigurationPlatforms) = postSolution
		{8C3033A1-CC28-4C4C-BB07-52F2496ED9B8}.Debug|Any CPU.ActiveCfg = Debug|Any CPU
		{8C3033A1-CC28-4C4C-BB07-52F2496ED9B8}.Debug|Any CPU.Build.0 = Debug|Any CPU
		{8C3033A1-CC28-4C4C-BB07-52F2496ED9B8}.Release|Any CPU.ActiveCfg = Release|Any CPU
		{8C3033A1-CC28-4C4C-BB07-52F2496ED9B8}.Release|Any CPU.Build.0 = Release|Any CPU
		{E334B109-41AF-4638-A704-EA660CC68889}.Debug|Any CPU.ActiveCfg = Debug|Any CPU
		{E334B109-41AF-4638-A704-EA660CC68889}.Debug|Any CPU.Build.0 = Debug|Any CPU
		{E334B109-41AF-4638-A704-EA660CC68889}.Release|Any CPU.ActiveCfg = Release|Any CPU
		{E334B109-41AF-4638-A704-EA660CC68889}.Release|Any CPU.Build.0 = Release|Any CPU
		{B265CBD4-AB4B-4DC9-843C-427952494CCE}.Debug|Any CPU.ActiveCfg = Debug|Any CPU
		{B265CBD4-AB4B-4DC9-843C-427952494CCE}.Debug|Any CPU.Build.0 = Debug|Any CPU
		{B265CBD4-AB4B-4DC9-843C-427952494CCE}.Release|Any CPU.ActiveCfg = Release|Any CPU
		{B265CBD4-AB4B-4DC9-843C-427952494CCE}.Release|Any CPU.Build.0 = Release|Any CPU
		{F4E30BF6-FBD5-42DF-813C-B8FCF206645F}.Debug|Any CPU.ActiveCfg = Debug|Any CPU
		{F4E30BF6-FBD5-42DF-813C-B8FCF206645F}.Debug|Any CPU.Build.0 = Debug|Any CPU
		{F4E30BF6-FBD5-42DF-813C-B8FCF206645F}.Release|Any CPU.ActiveCfg = Release|Any CPU
		{F4E30BF6-FBD5-42DF-813C-B8FCF206645F}.Release|Any CPU.Build.0 = Release|Any CPU
		{2745CDE2-BD76-4DA9-BDF9-C32AE5C7497B}.Debug|Any CPU.ActiveCfg = Debug|Any CPU
		{2745CDE2-BD76-4DA9-BDF9-C32AE5C7497B}.Debug|Any CPU.Build.0 = Debug|Any CPU
		{2745CDE2-BD76-4DA9-BDF9-C32AE5C7497B}.Release|Any CPU.ActiveCfg = Release|Any CPU
		{2745CDE2-BD76-4DA9-BDF9-C32AE5C7497B}.Release|Any CPU.Build.0 = Release|Any CPU
	EndGlobalSection
	GlobalSection(SolutionProperties) = preSolution
		HideSolutionNode = FALSE
	EndGlobalSection
	GlobalSection(ExtensibilityGlobals) = postSolution
		SolutionGuid = {ECE55F7F-050A-4926-8B04-F98F71941A57}
	EndGlobalSection
EndGlobal
